
Microsoft Visual Studio Solution File, Format Version 12.00
# Visual Studio Version 16
VisualStudioVersion = 16.0.29728.190
MinimumVisualStudioVersion = 10.0.40219.1
Project("{FAE04EC0-301F-11D3-BF4B-00C04F79EFBC}") = "COVID19Ninjas", "COVID19Ninjas\COVID19Ninjas.csproj", "{8BF01CF1-EB12-42D3-BB68-E4C7AFAA7E92}"
EndProject
Global
	GlobalSection(SolutionConfigurationPlatforms) = preSolution
		Debug|Any CPU = Debug|Any CPU
		Release|Any CPU = Release|Any CPU
	EndGlobalSection
	GlobalSection(ProjectConfigurationPlatforms) = postSolution
		{8BF01CF1-EB12-42D3-BB68-E4C7AFAA7E92}.Debug|Any CPU.ActiveCfg = Debug|Any CPU
		{8BF01CF1-EB12-42D3-BB68-E4C7AFAA7E92}.Debug|Any CPU.Build.0 = Debug|Any CPU
		{8BF01CF1-EB12-42D3-BB68-E4C7AFAA7E92}.Release|Any CPU.ActiveCfg = Release|Any CPU
		{8BF01CF1-EB12-42D3-BB68-E4C7AFAA7E92}.Release|Any CPU.Build.0 = Release|Any CPU
	EndGlobalSection
	GlobalSection(SolutionProperties) = preSolution
		HideSolutionNode = FALSE
	EndGlobalSection
	GlobalSection(ExtensibilityGlobals) = postSolution
		SolutionGuid = {80D4FCCE-83ED-4B80-B221-600F5C7F05D6}
	EndGlobalSection
EndGlobal
